// !$*UTF8*$!
{
	archiveVersion = 1;
	classes = {
	};
	objectVersion = 55;
	objects = {

/* Begin PBXBuildFile section */
		6A0D7956287BA3E200BD201E /* AppDelegate.swift in Sources */ = {isa = PBXBuildFile; fileRef = 6A0D7955287BA3E200BD201E /* AppDelegate.swift */; };
		6A0D7958287BA3E200BD201E /* SceneDelegate.swift in Sources */ = {isa = PBXBuildFile; fileRef = 6A0D7957287BA3E200BD201E /* SceneDelegate.swift */; };
		6A0D795A287BA3E200BD201E /* ViewController.swift in Sources */ = {isa = PBXBuildFile; fileRef = 6A0D7959287BA3E200BD201E /* ViewController.swift */; };
		6A0D795D287BA3E200BD201E /* Main.storyboard in Resources */ = {isa = PBXBuildFile; fileRef = 6A0D795B287BA3E200BD201E /* Main.storyboard */; };
		6A0D795F287BA3E600BD201E /* Assets.xcassets in Resources */ = {isa = PBXBuildFile; fileRef = 6A0D795E287BA3E600BD201E /* Assets.xcassets */; };
		6A0D7962287BA3E600BD201E /* LaunchScreen.storyboard in Resources */ = {isa = PBXBuildFile; fileRef = 6A0D7960287BA3E600BD201E /* LaunchScreen.storyboard */; };
		6A0D796B287C496400BD201E /* DiaryViewController.swift in Sources */ = {isa = PBXBuildFile; fileRef = 6A0D796A287C496400BD201E /* DiaryViewController.swift */; };
		6A0D796D287CFDF400BD201E /* SecondViewController.swift in Sources */ = {isa = PBXBuildFile; fileRef = 6A0D796C287CFDF400BD201E /* SecondViewController.swift */; };
		6A0D7971287D216F00BD201E /* SegmentViewController.swift in Sources */ = {isa = PBXBuildFile; fileRef = 6A0D7970287D216F00BD201E /* SegmentViewController.swift */; };
		6A35B4EE287EE89000848138 /* AnniversaryCalculatorViewController.swift in Sources */ = {isa = PBXBuildFile; fileRef = 6A35B4ED287EE89000848138 /* AnniversaryCalculatorViewController.swift */; };
		6AD8156D287FA688002D16A2 /* Setting.storyboard in Resources */ = {isa = PBXBuildFile; fileRef = 6AD8156C287FA688002D16A2 /* Setting.storyboard */; };
		6AD8156F287FA80C002D16A2 /* Search.storyboard in Resources */ = {isa = PBXBuildFile; fileRef = 6AD8156E287FA80C002D16A2 /* Search.storyboard */; };
		6AD81572287FAEE2002D16A2 /* SideMenu in Frameworks */ = {isa = PBXBuildFile; productRef = 6AD81571287FAEE2002D16A2 /* SideMenu */; };
		6AD81575287FAF4F002D16A2 /* FSCalendar in Frameworks */ = {isa = PBXBuildFile; productRef = 6AD81574287FAF4F002D16A2 /* FSCalendar */; };
		6AD81578287FAFE4002D16A2 /* TextFieldEffects in Frameworks */ = {isa = PBXBuildFile; productRef = 6AD81577287FAFE4002D16A2 /* TextFieldEffects */; };
		6AD8157B287FBE4D002D16A2 /* IQKeyboardManagerSwift in Frameworks */ = {isa = PBXBuildFile; productRef = 6AD8157A287FBE4D002D16A2 /* IQKeyboardManagerSwift */; };
/* End PBXBuildFile section */

/* Begin PBXFileReference section */
		6A0D7952287BA3E200BD201E /* SeSACWeek2.app */ = {isa = PBXFileReference; explicitFileType = wrapper.application; includeInIndex = 0; path = SeSACWeek2.app; sourceTree = BUILT_PRODUCTS_DIR; };
		6A0D7955287BA3E200BD201E /* AppDelegate.swift */ = {isa = PBXFileReference; lastKnownFileType = sourcecode.swift; path = AppDelegate.swift; sourceTree = "<group>"; };
		6A0D7957287BA3E200BD201E /* SceneDelegate.swift */ = {isa = PBXFileReference; lastKnownFileType = sourcecode.swift; path = SceneDelegate.swift; sourceTree = "<group>"; };
		6A0D7959287BA3E200BD201E /* ViewController.swift */ = {isa = PBXFileReference; lastKnownFileType = sourcecode.swift; path = ViewController.swift; sourceTree = "<group>"; };
		6A0D795C287BA3E200BD201E /* Base */ = {isa = PBXFileReference; lastKnownFileType = file.storyboard; name = Base; path = Base.lproj/Main.storyboard; sourceTree = "<group>"; };
		6A0D795E287BA3E600BD201E /* Assets.xcassets */ = {isa = PBXFileReference; lastKnownFileType = folder.assetcatalog; path = Assets.xcassets; sourceTree = "<group>"; };
		6A0D7961287BA3E600BD201E /* Base */ = {isa = PBXFileReference; lastKnownFileType = file.storyboard; name = Base; path = Base.lproj/LaunchScreen.storyboard; sourceTree = "<group>"; };
		6A0D7963287BA3E600BD201E /* Info.plist */ = {isa = PBXFileReference; lastKnownFileType = text.plist.xml; path = Info.plist; sourceTree = "<group>"; };
		6A0D796A287C496400BD201E /* DiaryViewController.swift */ = {isa = PBXFileReference; lastKnownFileType = sourcecode.swift; path = DiaryViewController.swift; sourceTree = "<group>"; };
		6A0D796C287CFDF400BD201E /* SecondViewController.swift */ = {isa = PBXFileReference; lastKnownFileType = sourcecode.swift; path = SecondViewController.swift; sourceTree = "<group>"; };
		6A0D7970287D216F00BD201E /* SegmentViewController.swift */ = {isa = PBXFileReference; lastKnownFileType = sourcecode.swift; path = SegmentViewController.swift; sourceTree = "<group>"; };
		6A35B4ED287EE89000848138 /* AnniversaryCalculatorViewController.swift */ = {isa = PBXFileReference; lastKnownFileType = sourcecode.swift; path = AnniversaryCalculatorViewController.swift; sourceTree = "<group>"; };
		6AD8156C287FA688002D16A2 /* Setting.storyboard */ = {isa = PBXFileReference; lastKnownFileType = file.storyboard; path = Setting.storyboard; sourceTree = "<group>"; };
		6AD8156E287FA80C002D16A2 /* Search.storyboard */ = {isa = PBXFileReference; lastKnownFileType = file.storyboard; path = Search.storyboard; sourceTree = "<group>"; };
/* End PBXFileReference section */

/* Begin PBXFrameworksBuildPhase section */
		6A0D794F287BA3E200BD201E /* Frameworks */ = {
			isa = PBXFrameworksBuildPhase;
			buildActionMask = 2147483647;
			files = (
				6AD81578287FAFE4002D16A2 /* TextFieldEffects in Frameworks */,
				6AD8157B287FBE4D002D16A2 /* IQKeyboardManagerSwift in Frameworks */,
				6AD81572287FAEE2002D16A2 /* SideMenu in Frameworks */,
				6AD81575287FAF4F002D16A2 /* FSCalendar in Frameworks */,
			);
			runOnlyForDeploymentPostprocessing = 0;
		};
/* End PBXFrameworksBuildPhase section */

/* Begin PBXGroup section */
		6A0D7949287BA3E200BD201E = {
			isa = PBXGroup;
			children = (
				6A0D7954287BA3E200BD201E /* SeSACWeek2 */,
				6A0D7953287BA3E200BD201E /* Products */,
			);
			sourceTree = "<group>";
		};
		6A0D7953287BA3E200BD201E /* Products */ = {
			isa = PBXGroup;
			children = (
				6A0D7952287BA3E200BD201E /* SeSACWeek2.app */,
			);
			name = Products;
			sourceTree = "<group>";
		};
		6A0D7954287BA3E200BD201E /* SeSACWeek2 */ = {
			isa = PBXGroup;
			children = (
				6A0D7969287BA59200BD201E /* New Group */,
				6A0D7955287BA3E200BD201E /* AppDelegate.swift */,
				6A0D7957287BA3E200BD201E /* SceneDelegate.swift */,
				6A0D7959287BA3E200BD201E /* ViewController.swift */,
				6A0D795B287BA3E200BD201E /* Main.storyboard */,
				6A35B4ED287EE89000848138 /* AnniversaryCalculatorViewController.swift */,
				6A0D7970287D216F00BD201E /* SegmentViewController.swift */,
				6A0D796C287CFDF400BD201E /* SecondViewController.swift */,
				6A0D796A287C496400BD201E /* DiaryViewController.swift */,
				6A0D795E287BA3E600BD201E /* Assets.xcassets */,
				6A0D7960287BA3E600BD201E /* LaunchScreen.storyboard */,
				6A0D7963287BA3E600BD201E /* Info.plist */,
			);
			path = SeSACWeek2;
			sourceTree = "<group>";
		};
		6A0D7969287BA59200BD201E /* New Group */ = {
			isa = PBXGroup;
			children = (
				6AD8156C287FA688002D16A2 /* Setting.storyboard */,
				6AD8156E287FA80C002D16A2 /* Search.storyboard */,
			);
			path = "New Group";
			sourceTree = "<group>";
		};
/* End PBXGroup section */

/* Begin PBXNativeTarget section */
		6A0D7951287BA3E200BD201E /* SeSACWeek2 */ = {
			isa = PBXNativeTarget;
			buildConfigurationList = 6A0D7966287BA3E600BD201E /* Build configuration list for PBXNativeTarget "SeSACWeek2" */;
			buildPhases = (
				6A0D794E287BA3E200BD201E /* Sources */,
				6A0D794F287BA3E200BD201E /* Frameworks */,
				6A0D7950287BA3E200BD201E /* Resources */,
			);
			buildRules = (
			);
			dependencies = (
			);
			name = SeSACWeek2;
			packageProductDependencies = (
				6AD81571287FAEE2002D16A2 /* SideMenu */,
				6AD81574287FAF4F002D16A2 /* FSCalendar */,
				6AD81577287FAFE4002D16A2 /* TextFieldEffects */,
				6AD8157A287FBE4D002D16A2 /* IQKeyboardManagerSwift */,
			);
			productName = SeSACWeek2;
			productReference = 6A0D7952287BA3E200BD201E /* SeSACWeek2.app */;
			productType = "com.apple.product-type.application";
		};
/* End PBXNativeTarget section */

/* Begin PBXProject section */
		6A0D794A287BA3E200BD201E /* Project object */ = {
			isa = PBXProject;
			attributes = {
				BuildIndependentTargetsInParallel = 1;
				LastSwiftUpdateCheck = 1340;
				LastUpgradeCheck = 1340;
				TargetAttributes = {
					6A0D7951287BA3E200BD201E = {
						CreatedOnToolsVersion = 13.4.1;
					};
				};
			};
			buildConfigurationList = 6A0D794D287BA3E200BD201E /* Build configuration list for PBXProject "SeSACWeek2" */;
			compatibilityVersion = "Xcode 13.0";
			developmentRegion = en;
			hasScannedForEncodings = 0;
			knownRegions = (
				en,
				Base,
			);
			mainGroup = 6A0D7949287BA3E200BD201E;
			packageReferences = (
				6AD81570287FAEE2002D16A2 /* XCRemoteSwiftPackageReference "SideMenu" */,
				6AD81573287FAF4F002D16A2 /* XCRemoteSwiftPackageReference "FSCalendar" */,
				6AD81576287FAFE4002D16A2 /* XCRemoteSwiftPackageReference "TextFieldEffects" */,
				6AD81579287FBE4C002D16A2 /* XCRemoteSwiftPackageReference "IQKeyboardManager" */,
			);
			productRefGroup = 6A0D7953287BA3E200BD201E /* Products */;
			projectDirPath = "";
			projectRoot = "";
			targets = (
				6A0D7951287BA3E200BD201E /* SeSACWeek2 */,
			);
		};
/* End PBXProject section */

/* Begin PBXResourcesBuildPhase section */
		6A0D7950287BA3E200BD201E /* Resources */ = {
			isa = PBXResourcesBuildPhase;
			buildActionMask = 2147483647;
			files = (
				6A0D7962287BA3E600BD201E /* LaunchScreen.storyboard in Resources */,
				6A0D795F287BA3E600BD201E /* Assets.xcassets in Resources */,
				6A0D795D287BA3E200BD201E /* Main.storyboard in Resources */,
				6AD8156D287FA688002D16A2 /* Setting.storyboard in Resources */,
				6AD8156F287FA80C002D16A2 /* Search.storyboard in Resources */,
			);
			runOnlyForDeploymentPostprocessing = 0;
		};
/* End PBXResourcesBuildPhase section */

/* Begin PBXSourcesBuildPhase section */
		6A0D794E287BA3E200BD201E /* Sources */ = {
			isa = PBXSourcesBuildPhase;
			buildActionMask = 2147483647;
			files = (
				6A0D796B287C496400BD201E /* DiaryViewController.swift in Sources */,
				6A0D795A287BA3E200BD201E /* ViewController.swift in Sources */,
				6A35B4EE287EE89000848138 /* AnniversaryCalculatorViewController.swift in Sources */,
				6A0D7956287BA3E200BD201E /* AppDelegate.swift in Sources */,
				6A0D796D287CFDF400BD201E /* SecondViewController.swift in Sources */,
				6A0D7971287D216F00BD201E /* SegmentViewController.swift in Sources */,
				6A0D7958287BA3E200BD201E /* SceneDelegate.swift in Sources */,
			);
			runOnlyForDeploymentPostprocessing = 0;
		};
/* End PBXSourcesBuildPhase section */

/* Begin PBXVariantGroup section */
		6A0D795B287BA3E200BD201E /* Main.storyboard */ = {
			isa = PBXVariantGroup;
			children = (
				6A0D795C287BA3E200BD201E /* Base */,
			);
			name = Main.storyboard;
			sourceTree = "<group>";
		};
		6A0D7960287BA3E600BD201E /* LaunchScreen.storyboard */ = {
			isa = PBXVariantGroup;
			children = (
				6A0D7961287BA3E600BD201E /* Base */,
			);
			name = LaunchScreen.storyboard;
			sourceTree = "<group>";
		};
/* End PBXVariantGroup section */

/* Begin XCBuildConfiguration section */
		6A0D7964287BA3E600BD201E /* Debug */ = {
			isa = XCBuildConfiguration;
			buildSettings = {
				ALWAYS_SEARCH_USER_PATHS = NO;
				CLANG_ANALYZER_NONNULL = YES;
				CLANG_ANALYZER_NUMBER_OBJECT_CONVERSION = YES_AGGRESSIVE;
				CLANG_CXX_LANGUAGE_STANDARD = "gnu++17";
				CLANG_ENABLE_MODULES = YES;
				CLANG_ENABLE_OBJC_ARC = YES;
				CLANG_ENABLE_OBJC_WEAK = YES;
				CLANG_WARN_BLOCK_CAPTURE_AUTORELEASING = YES;
				CLANG_WARN_BOOL_CONVERSION = YES;
				CLANG_WARN_COMMA = YES;
				CLANG_WARN_CONSTANT_CONVERSION = YES;
				CLANG_WARN_DEPRECATED_OBJC_IMPLEMENTATIONS = YES;
				CLANG_WARN_DIRECT_OBJC_ISA_USAGE = YES_ERROR;
				CLANG_WARN_DOCUMENTATION_COMMENTS = YES;
				CLANG_WARN_EMPTY_BODY = YES;
				CLANG_WARN_ENUM_CONVERSION = YES;
				CLANG_WARN_INFINITE_RECURSION = YES;
				CLANG_WARN_INT_CONVERSION = YES;
				CLANG_WARN_NON_LITERAL_NULL_CONVERSION = YES;
				CLANG_WARN_OBJC_IMPLICIT_RETAIN_SELF = YES;
				CLANG_WARN_OBJC_LITERAL_CONVERSION = YES;
				CLANG_WARN_OBJC_ROOT_CLASS = YES_ERROR;
				CLANG_WARN_QUOTED_INCLUDE_IN_FRAMEWORK_HEADER = YES;
				CLANG_WARN_RANGE_LOOP_ANALYSIS = YES;
				CLANG_WARN_STRICT_PROTOTYPES = YES;
				CLANG_WARN_SUSPICIOUS_MOVE = YES;
				CLANG_WARN_UNGUARDED_AVAILABILITY = YES_AGGRESSIVE;
				CLANG_WARN_UNREACHABLE_CODE = YES;
				CLANG_WARN__DUPLICATE_METHOD_MATCH = YES;
				COPY_PHASE_STRIP = NO;
				DEBUG_INFORMATION_FORMAT = dwarf;
				ENABLE_STRICT_OBJC_MSGSEND = YES;
				ENABLE_TESTABILITY = YES;
				GCC_C_LANGUAGE_STANDARD = gnu11;
				GCC_DYNAMIC_NO_PIC = NO;
				GCC_NO_COMMON_BLOCKS = YES;
				GCC_OPTIMIZATION_LEVEL = 0;
				GCC_PREPROCESSOR_DEFINITIONS = (
					"DEBUG=1",
					"$(inherited)",
				);
				GCC_WARN_64_TO_32_BIT_CONVERSION = YES;
				GCC_WARN_ABOUT_RETURN_TYPE = YES_ERROR;
				GCC_WARN_UNDECLARED_SELECTOR = YES;
				GCC_WARN_UNINITIALIZED_AUTOS = YES_AGGRESSIVE;
				GCC_WARN_UNUSED_FUNCTION = YES;
				GCC_WARN_UNUSED_VARIABLE = YES;
				IPHONEOS_DEPLOYMENT_TARGET = 15.5;
				MTL_ENABLE_DEBUG_INFO = INCLUDE_SOURCE;
				MTL_FAST_MATH = YES;
				ONLY_ACTIVE_ARCH = YES;
				SDKROOT = iphoneos;
				SWIFT_ACTIVE_COMPILATION_CONDITIONS = DEBUG;
				SWIFT_OPTIMIZATION_LEVEL = "-Onone";
			};
			name = Debug;
		};
		6A0D7965287BA3E600BD201E /* Release */ = {
			isa = XCBuildConfiguration;
			buildSettings = {
				ALWAYS_SEARCH_USER_PATHS = NO;
				CLANG_ANALYZER_NONNULL = YES;
				CLANG_ANALYZER_NUMBER_OBJECT_CONVERSION = YES_AGGRESSIVE;
				CLANG_CXX_LANGUAGE_STANDARD = "gnu++17";
				CLANG_ENABLE_MODULES = YES;
				CLANG_ENABLE_OBJC_ARC = YES;
				CLANG_ENABLE_OBJC_WEAK = YES;
				CLANG_WARN_BLOCK_CAPTURE_AUTORELEASING = YES;
				CLANG_WARN_BOOL_CONVERSION = YES;
				CLANG_WARN_COMMA = YES;
				CLANG_WARN_CONSTANT_CONVERSION = YES;
				CLANG_WARN_DEPRECATED_OBJC_IMPLEMENTATIONS = YES;
				CLANG_WARN_DIRECT_OBJC_ISA_USAGE = YES_ERROR;
				CLANG_WARN_DOCUMENTATION_COMMENTS = YES;
				CLANG_WARN_EMPTY_BODY = YES;
				CLANG_WARN_ENUM_CONVERSION = YES;
				CLANG_WARN_INFINITE_RECURSION = YES;
				CLANG_WARN_INT_CONVERSION = YES;
				CLANG_WARN_NON_LITERAL_NULL_CONVERSION = YES;
				CLANG_WARN_OBJC_IMPLICIT_RETAIN_SELF = YES;
				CLANG_WARN_OBJC_LITERAL_CONVERSION = YES;
				CLANG_WARN_OBJC_ROOT_CLASS = YES_ERROR;
				CLANG_WARN_QUOTED_INCLUDE_IN_FRAMEWORK_HEADER = YES;
				CLANG_WARN_RANGE_LOOP_ANALYSIS = YES;
				CLANG_WARN_STRICT_PROTOTYPES = YES;
				CLANG_WARN_SUSPICIOUS_MOVE = YES;
				CLANG_WARN_UNGUARDED_AVAILABILITY = YES_AGGRESSIVE;
				CLANG_WARN_UNREACHABLE_CODE = YES;
				CLANG_WARN__DUPLICATE_METHOD_MATCH = YES;
				COPY_PHASE_STRIP = NO;
				DEBUG_INFORMATION_FORMAT = "dwarf-with-dsym";
				ENABLE_NS_ASSERTIONS = NO;
				ENABLE_STRICT_OBJC_MSGSEND = YES;
				GCC_C_LANGUAGE_STANDARD = gnu11;
				GCC_NO_COMMON_BLOCKS = YES;
				GCC_WARN_64_TO_32_BIT_CONVERSION = YES;
				GCC_WARN_ABOUT_RETURN_TYPE = YES_ERROR;
				GCC_WARN_UNDECLARED_SELECTOR = YES;
				GCC_WARN_UNINITIALIZED_AUTOS = YES_AGGRESSIVE;
				GCC_WARN_UNUSED_FUNCTION = YES;
				GCC_WARN_UNUSED_VARIABLE = YES;
				IPHONEOS_DEPLOYMENT_TARGET = 15.5;
				MTL_ENABLE_DEBUG_INFO = NO;
				MTL_FAST_MATH = YES;
				SDKROOT = iphoneos;
				SWIFT_COMPILATION_MODE = wholemodule;
				SWIFT_OPTIMIZATION_LEVEL = "-O";
				VALIDATE_PRODUCT = YES;
			};
			name = Release;
		};
		6A0D7967287BA3E600BD201E /* Debug */ = {
			isa = XCBuildConfiguration;
			buildSettings = {
				ASSETCATALOG_COMPILER_APPICON_NAME = AppIcon;
				ASSETCATALOG_COMPILER_GLOBAL_ACCENT_COLOR_NAME = AccentColor;
				CODE_SIGN_STYLE = Automatic;
				CURRENT_PROJECT_VERSION = 1;
				GENERATE_INFOPLIST_FILE = YES;
				INFOPLIST_FILE = SeSACWeek2/Info.plist;
				INFOPLIST_KEY_UIApplicationSupportsIndirectInputEvents = YES;
				INFOPLIST_KEY_UILaunchStoryboardName = LaunchScreen;
				INFOPLIST_KEY_UIMainStoryboardFile = Main;
				INFOPLIST_KEY_UISupportedInterfaceOrientations_iPad = "UIInterfaceOrientationPortrait UIInterfaceOrientationPortraitUpsideDown UIInterfaceOrientationLandscapeLeft UIInterfaceOrientationLandscapeRight";
				INFOPLIST_KEY_UISupportedInterfaceOrientations_iPhone = "UIInterfaceOrientationPortrait UIInterfaceOrientationLandscapeLeft UIInterfaceOrientationLandscapeRight";
				IPHONEOS_DEPLOYMENT_TARGET = 15.5;
				LD_RUNPATH_SEARCH_PATHS = (
					"$(inherited)",
					"@executable_path/Frameworks",
				);
				MARKETING_VERSION = 1.0;
				PRODUCT_BUNDLE_IDENTIFIER = com.jonghwan.SeSACWeek2;
				PRODUCT_NAME = "$(TARGET_NAME)";
				SWIFT_EMIT_LOC_STRINGS = YES;
				SWIFT_VERSION = 5.0;
				TARGETED_DEVICE_FAMILY = "1,2";
			};
			name = Debug;
		};
		6A0D7968287BA3E600BD201E /* Release */ = {
			isa = XCBuildConfiguration;
			buildSettings = {
				ASSETCATALOG_COMPILER_APPICON_NAME = AppIcon;
				ASSETCATALOG_COMPILER_GLOBAL_ACCENT_COLOR_NAME = AccentColor;
				CODE_SIGN_STYLE = Automatic;
				CURRENT_PROJECT_VERSION = 1;
				GENERATE_INFOPLIST_FILE = YES;
				INFOPLIST_FILE = SeSACWeek2/Info.plist;
				INFOPLIST_KEY_UIApplicationSupportsIndirectInputEvents = YES;
				INFOPLIST_KEY_UILaunchStoryboardName = LaunchScreen;
				INFOPLIST_KEY_UIMainStoryboardFile = Main;
				INFOPLIST_KEY_UISupportedInterfaceOrientations_iPad = "UIInterfaceOrientationPortrait UIInterfaceOrientationPortraitUpsideDown UIInterfaceOrientationLandscapeLeft UIInterfaceOrientationLandscapeRight";
				INFOPLIST_KEY_UISupportedInterfaceOrientations_iPhone = "UIInterfaceOrientationPortrait UIInterfaceOrientationLandscapeLeft UIInterfaceOrientationLandscapeRight";
				IPHONEOS_DEPLOYMENT_TARGET = 15.5;
				LD_RUNPATH_SEARCH_PATHS = (
					"$(inherited)",
					"@executable_path/Frameworks",
				);
				MARKETING_VERSION = 1.0;
				PRODUCT_BUNDLE_IDENTIFIER = com.jonghwan.SeSACWeek2;
				PRODUCT_NAME = "$(TARGET_NAME)";
				SWIFT_EMIT_LOC_STRINGS = YES;
				SWIFT_VERSION = 5.0;
				TARGETED_DEVICE_FAMILY = "1,2";
			};
			name = Release;
		};
/* End XCBuildConfiguration section */

/* Begin XCConfigurationList section */
		6A0D794D287BA3E200BD201E /* Build configuration list for PBXProject "SeSACWeek2" */ = {
			isa = XCConfigurationList;
			buildConfigurations = (
				6A0D7964287BA3E600BD201E /* Debug */,
				6A0D7965287BA3E600BD201E /* Release */,
			);
			defaultConfigurationIsVisible = 0;
			defaultConfigurationName = Release;
		};
		6A0D7966287BA3E600BD201E /* Build configuration list for PBXNativeTarget "SeSACWeek2" */ = {
			isa = XCConfigurationList;
			buildConfigurations = (
				6A0D7967287BA3E600BD201E /* Debug */,
				6A0D7968287BA3E600BD201E /* Release */,
			);
			defaultConfigurationIsVisible = 0;
			defaultConfigurationName = Release;
		};
/* End XCConfigurationList section */

/* Begin XCRemoteSwiftPackageReference section */
		6AD81570287FAEE2002D16A2 /* XCRemoteSwiftPackageReference "SideMenu" */ = {
			isa = XCRemoteSwiftPackageReference;
			repositoryURL = "https://github.com/jonkykong/SideMenu.git";
			requirement = {
				kind = upToNextMajorVersion;
				minimumVersion = 6.0.0;
			};
		};
		6AD81573287FAF4F002D16A2 /* XCRemoteSwiftPackageReference "FSCalendar" */ = {
			isa = XCRemoteSwiftPackageReference;
			repositoryURL = "https://github.com/WenchaoD/FSCalendar.git";
			requirement = {
				kind = upToNextMajorVersion;
				minimumVersion = 2.0.0;
			};
		};
		6AD81576287FAFE4002D16A2 /* XCRemoteSwiftPackageReference "TextFieldEffects" */ = {
			isa = XCRemoteSwiftPackageReference;
			repositoryURL = "https://github.com/raulriera/TextFieldEffects.git";
			requirement = {
				kind = upToNextMajorVersion;
				minimumVersion = 1.0.0;
			};
		};
		6AD81579287FBE4C002D16A2 /* XCRemoteSwiftPackageReference "IQKeyboardManager" */ = {
			isa = XCRemoteSwiftPackageReference;
			repositoryURL = "https://github.com/hackiftekhar/IQKeyboardManager.git";
			requirement = {
				kind = exactVersion;
				version = 6.5.0;
			};
		};
/* End XCRemoteSwiftPackageReference section */

/* Begin XCSwiftPackageProductDependency section */
		6AD81571287FAEE2002D16A2 /* SideMenu */ = {
			isa = XCSwiftPackageProductDependency;
			package = 6AD81570287FAEE2002D16A2 /* XCRemoteSwiftPackageReference "SideMenu" */;
			productName = SideMenu;
		};
		6AD81574287FAF4F002D16A2 /* FSCalendar */ = {
			isa = XCSwiftPackageProductDependency;
			package = 6AD81573287FAF4F002D16A2 /* XCRemoteSwiftPackageReference "FSCalendar" */;
			productName = FSCalendar;
		};
		6AD81577287FAFE4002D16A2 /* TextFieldEffects */ = {
			isa = XCSwiftPackageProductDependency;
			package = 6AD81576287FAFE4002D16A2 /* XCRemoteSwiftPackageReference "TextFieldEffects" */;
			productName = TextFieldEffects;
		};
		6AD8157A287FBE4D002D16A2 /* IQKeyboardManagerSwift */ = {
			isa = XCSwiftPackageProductDependency;
			package = 6AD81579287FBE4C002D16A2 /* XCRemoteSwiftPackageReference "IQKeyboardManager" */;
			productName = IQKeyboardManagerSwift;
		};
/* End XCSwiftPackageProductDependency section */
	};
	rootObject = 6A0D794A287BA3E200BD201E /* Project object */;
}
